// !$*UTF8*$!
{
	archiveVersion = 1;
	classes = {
	};
	objectVersion = 56;
	objects = {

/* Begin PBXBuildFile section */
		0718058A2B80D9F00094919A /* QueryViewCell.swift in Sources */ = {isa = PBXBuildFile; fileRef = 071805882B80D9F00094919A /* QueryViewCell.swift */; };
		0718058B2B80D9F00094919A /* QueryViewCell.xib in Resources */ = {isa = PBXBuildFile; fileRef = 071805892B80D9F00094919A /* QueryViewCell.xib */; };
		0718058E2B80E4650094919A /* AnswerViewCell.swift in Sources */ = {isa = PBXBuildFile; fileRef = 0718058C2B80E4650094919A /* AnswerViewCell.swift */; };
		0718058F2B80E4650094919A /* AnswerViewCell.xib in Resources */ = {isa = PBXBuildFile; fileRef = 0718058D2B80E4650094919A /* AnswerViewCell.xib */; };
		071805912B81E32C0094919A /* ResultViewController.swift in Sources */ = {isa = PBXBuildFile; fileRef = 071805902B81E32C0094919A /* ResultViewController.swift */; };
		071805932B81E8090094919A /* HomeViewController.swift in Sources */ = {isa = PBXBuildFile; fileRef = 071805922B81E8090094919A /* HomeViewController.swift */; };
		071805972B8255670094919A /* QuizeViewExtension.swift in Sources */ = {isa = PBXBuildFile; fileRef = 071805962B8255670094919A /* QuizeViewExtension.swift */; };
		07A16DA72B80B88C00D6DD2F /* AppDelegate.swift in Sources */ = {isa = PBXBuildFile; fileRef = 07A16DA62B80B88C00D6DD2F /* AppDelegate.swift */; };
		07A16DA92B80B88C00D6DD2F /* SceneDelegate.swift in Sources */ = {isa = PBXBuildFile; fileRef = 07A16DA82B80B88C00D6DD2F /* SceneDelegate.swift */; };
		07A16DAB2B80B88C00D6DD2F /* QuizeViewController.swift in Sources */ = {isa = PBXBuildFile; fileRef = 07A16DAA2B80B88C00D6DD2F /* QuizeViewController.swift */; };
		07A16DAE2B80B88C00D6DD2F /* Main.storyboard in Resources */ = {isa = PBXBuildFile; fileRef = 07A16DAC2B80B88C00D6DD2F /* Main.storyboard */; };
		07A16DB02B80B89000D6DD2F /* Assets.xcassets in Resources */ = {isa = PBXBuildFile; fileRef = 07A16DAF2B80B89000D6DD2F /* Assets.xcassets */; };
		07A16DB32B80B89000D6DD2F /* LaunchScreen.storyboard in Resources */ = {isa = PBXBuildFile; fileRef = 07A16DB12B80B89000D6DD2F /* LaunchScreen.storyboard */; };
		07A16DBC2B80B98400D6DD2F /* Query.swift in Sources */ = {isa = PBXBuildFile; fileRef = 07A16DBB2B80B98400D6DD2F /* Query.swift */; };
		07A16DC42B80BEC500D6DD2F /* APIManager.swift in Sources */ = {isa = PBXBuildFile; fileRef = 07A16DC32B80BEC500D6DD2F /* APIManager.swift */; };
		07A16DC72B80BF2200D6DD2F /* Constant.swift in Sources */ = {isa = PBXBuildFile; fileRef = 07A16DC62B80BF2200D6DD2F /* Constant.swift */; };
/* End PBXBuildFile section */

/* Begin PBXFileReference section */
		071805882B80D9F00094919A /* QueryViewCell.swift */ = {isa = PBXFileReference; lastKnownFileType = sourcecode.swift; path = QueryViewCell.swift; sourceTree = "<group>"; };
		071805892B80D9F00094919A /* QueryViewCell.xib */ = {isa = PBXFileReference; lastKnownFileType = file.xib; path = QueryViewCell.xib; sourceTree = "<group>"; };
		0718058C2B80E4650094919A /* AnswerViewCell.swift */ = {isa = PBXFileReference; lastKnownFileType = sourcecode.swift; path = AnswerViewCell.swift; sourceTree = "<group>"; };
		0718058D2B80E4650094919A /* AnswerViewCell.xib */ = {isa = PBXFileReference; lastKnownFileType = file.xib; path = AnswerViewCell.xib; sourceTree = "<group>"; };
		071805902B81E32C0094919A /* ResultViewController.swift */ = {isa = PBXFileReference; lastKnownFileType = sourcecode.swift; path = ResultViewController.swift; sourceTree = "<group>"; };
		071805922B81E8090094919A /* HomeViewController.swift */ = {isa = PBXFileReference; lastKnownFileType = sourcecode.swift; path = HomeViewController.swift; sourceTree = "<group>"; };
		071805962B8255670094919A /* QuizeViewExtension.swift */ = {isa = PBXFileReference; lastKnownFileType = sourcecode.swift; path = QuizeViewExtension.swift; sourceTree = "<group>"; };
		07A16DA32B80B88C00D6DD2F /* QuizeTest.app */ = {isa = PBXFileReference; explicitFileType = wrapper.application; includeInIndex = 0; path = QuizeTest.app; sourceTree = BUILT_PRODUCTS_DIR; };
		07A16DA62B80B88C00D6DD2F /* AppDelegate.swift */ = {isa = PBXFileReference; lastKnownFileType = sourcecode.swift; path = AppDelegate.swift; sourceTree = "<group>"; };
		07A16DA82B80B88C00D6DD2F /* SceneDelegate.swift */ = {isa = PBXFileReference; lastKnownFileType = sourcecode.swift; path = SceneDelegate.swift; sourceTree = "<group>"; };
		07A16DAA2B80B88C00D6DD2F /* QuizeViewController.swift */ = {isa = PBXFileReference; lastKnownFileType = sourcecode.swift; path = QuizeViewController.swift; sourceTree = "<group>"; };
		07A16DAD2B80B88C00D6DD2F /* Base */ = {isa = PBXFileReference; lastKnownFileType = file.storyboard; name = Base; path = Base.lproj/Main.storyboard; sourceTree = "<group>"; };
		07A16DAF2B80B89000D6DD2F /* Assets.xcassets */ = {isa = PBXFileReference; lastKnownFileType = folder.assetcatalog; path = Assets.xcassets; sourceTree = "<group>"; };
		07A16DB22B80B89000D6DD2F /* Base */ = {isa = PBXFileReference; lastKnownFileType = file.storyboard; name = Base; path = Base.lproj/LaunchScreen.storyboard; sourceTree = "<group>"; };
		07A16DB42B80B89000D6DD2F /* Info.plist */ = {isa = PBXFileReference; lastKnownFileType = text.plist.xml; path = Info.plist; sourceTree = "<group>"; };
		07A16DBB2B80B98400D6DD2F /* Query.swift */ = {isa = PBXFileReference; lastKnownFileType = sourcecode.swift; path = Query.swift; sourceTree = "<group>"; };
		07A16DC32B80BEC500D6DD2F /* APIManager.swift */ = {isa = PBXFileReference; fileEncoding = 4; lastKnownFileType = sourcecode.swift; path = APIManager.swift; sourceTree = "<group>"; };
		07A16DC62B80BF2200D6DD2F /* Constant.swift */ = {isa = PBXFileReference; fileEncoding = 4; lastKnownFileType = sourcecode.swift; path = Constant.swift; sourceTree = "<group>"; };
/* End PBXFileReference section */

/* Begin PBXFrameworksBuildPhase section */
		07A16DA02B80B88C00D6DD2F /* Frameworks */ = {
			isa = PBXFrameworksBuildPhase;
			buildActionMask = 2147483647;
			files = (
			);
			runOnlyForDeploymentPostprocessing = 0;
		};
/* End PBXFrameworksBuildPhase section */

/* Begin PBXGroup section */
		071805942B82230A0094919A /* Application */ = {
			isa = PBXGroup;
			children = (
				07A16DA62B80B88C00D6DD2F /* AppDelegate.swift */,
				07A16DA82B80B88C00D6DD2F /* SceneDelegate.swift */,
			);
			path = Application;
			sourceTree = "<group>";
		};
		071805952B8223350094919A /* Controllers */ = {
			isa = PBXGroup;
			children = (
				07A16DAA2B80B88C00D6DD2F /* QuizeViewController.swift */,
				071805902B81E32C0094919A /* ResultViewController.swift */,
				071805922B81E8090094919A /* HomeViewController.swift */,
				071805962B8255670094919A /* QuizeViewExtension.swift */,
			);
			path = Controllers;
			sourceTree = "<group>";
		};
		07A16D9A2B80B88C00D6DD2F = {
			isa = PBXGroup;
			children = (
				07A16DA52B80B88C00D6DD2F /* QuizeTest */,
				07A16DA42B80B88C00D6DD2F /* Products */,
			);
			sourceTree = "<group>";
		};
		07A16DA42B80B88C00D6DD2F /* Products */ = {
			isa = PBXGroup;
			children = (
				07A16DA32B80B88C00D6DD2F /* QuizeTest.app */,
			);
			name = Products;
			sourceTree = "<group>";
		};
		07A16DA52B80B88C00D6DD2F /* QuizeTest */ = {
			isa = PBXGroup;
			children = (
				071805952B8223350094919A /* Controllers */,
				071805942B82230A0094919A /* Application */,
				07A16DC52B80BF2200D6DD2F /* Constants */,
				07A16DC22B80BEC500D6DD2F /* Utility */,
				07A16DBD2B80BE5000D6DD2F /* CellView */,
				07A16DBA2B80B95300D6DD2F /* Modal */,
				07A16DAC2B80B88C00D6DD2F /* Main.storyboard */,
				07A16DAF2B80B89000D6DD2F /* Assets.xcassets */,
				07A16DB12B80B89000D6DD2F /* LaunchScreen.storyboard */,
				07A16DB42B80B89000D6DD2F /* Info.plist */,
			);
			path = QuizeTest;
			sourceTree = "<group>";
		};
		07A16DBA2B80B95300D6DD2F /* Modal */ = {
			isa = PBXGroup;
			children = (
				07A16DBB2B80B98400D6DD2F /* Query.swift */,
			);
			path = Modal;
			sourceTree = "<group>";
		};
		07A16DBD2B80BE5000D6DD2F /* CellView */ = {
			isa = PBXGroup;
			children = (
				071805882B80D9F00094919A /* QueryViewCell.swift */,
				071805892B80D9F00094919A /* QueryViewCell.xib */,
				0718058C2B80E4650094919A /* AnswerViewCell.swift */,
				0718058D2B80E4650094919A /* AnswerViewCell.xib */,
			);
			path = CellView;
			sourceTree = "<group>";
		};
		07A16DC22B80BEC500D6DD2F /* Utility */ = {
			isa = PBXGroup;
			children = (
				07A16DC32B80BEC500D6DD2F /* APIManager.swift */,
			);
			path = Utility;
			sourceTree = "<group>";
		};
		07A16DC52B80BF2200D6DD2F /* Constants */ = {
			isa = PBXGroup;
			children = (
				07A16DC62B80BF2200D6DD2F /* Constant.swift */,
			);
			path = Constants;
			sourceTree = "<group>";
		};
/* End PBXGroup section */

/* Begin PBXNativeTarget section */
		07A16DA22B80B88C00D6DD2F /* QuizeTest */ = {
			isa = PBXNativeTarget;
			buildConfigurationList = 07A16DB72B80B89000D6DD2F /* Build configuration list for PBXNativeTarget "QuizeTest" */;
			buildPhases = (
				07A16D9F2B80B88C00D6DD2F /* Sources */,
				07A16DA02B80B88C00D6DD2F /* Frameworks */,
				07A16DA12B80B88C00D6DD2F /* Resources */,
			);
			buildRules = (
			);
			dependencies = (
			);
			name = QuizeTest;
			productName = QuizeTest;
			productReference = 07A16DA32B80B88C00D6DD2F /* QuizeTest.app */;
			productType = "com.apple.product-type.application";
		};
/* End PBXNativeTarget section */

/* Begin PBXProject section */
		07A16D9B2B80B88C00D6DD2F /* Project object */ = {
			isa = PBXProject;
			attributes = {
				BuildIndependentTargetsInParallel = 1;
				LastSwiftUpdateCheck = 1500;
				LastUpgradeCheck = 1500;
				TargetAttributes = {
					07A16DA22B80B88C00D6DD2F = {
						CreatedOnToolsVersion = 15.0;
					};
				};
			};
			buildConfigurationList = 07A16D9E2B80B88C00D6DD2F /* Build configuration list for PBXProject "QuizeTest" */;
			compatibilityVersion = "Xcode 14.0";
			developmentRegion = en;
			hasScannedForEncodings = 0;
			knownRegions = (
				en,
				Base,
			);
			mainGroup = 07A16D9A2B80B88C00D6DD2F;
			productRefGroup = 07A16DA42B80B88C00D6DD2F /* Products */;
			projectDirPath = "";
			projectRoot = "";
			targets = (
				07A16DA22B80B88C00D6DD2F /* QuizeTest */,
			);
		};
/* End PBXProject section */

/* Begin PBXResourcesBuildPhase section */
		07A16DA12B80B88C00D6DD2F /* Resources */ = {
			isa = PBXResourcesBuildPhase;
			buildActionMask = 2147483647;
			files = (
				0718058F2B80E4650094919A /* AnswerViewCell.xib in Resources */,
				07A16DB32B80B89000D6DD2F /* LaunchScreen.storyboard in Resources */,
				0718058B2B80D9F00094919A /* QueryViewCell.xib in Resources */,
				07A16DB02B80B89000D6DD2F /* Assets.xcassets in Resources */,
				07A16DAE2B80B88C00D6DD2F /* Main.storyboard in Resources */,
			);
			runOnlyForDeploymentPostprocessing = 0;
		};
/* End PBXResourcesBuildPhase section */

/* Begin PBXSourcesBuildPhase section */
		07A16D9F2B80B88C00D6DD2F /* Sources */ = {
			isa = PBXSourcesBuildPhase;
			buildActionMask = 2147483647;
			files = (
				07A16DC72B80BF2200D6DD2F /* Constant.swift in Sources */,
				07A16DC42B80BEC500D6DD2F /* APIManager.swift in Sources */,
				07A16DBC2B80B98400D6DD2F /* Query.swift in Sources */,
				0718058E2B80E4650094919A /* AnswerViewCell.swift in Sources */,
				071805912B81E32C0094919A /* ResultViewController.swift in Sources */,
				07A16DAB2B80B88C00D6DD2F /* QuizeViewController.swift in Sources */,
				071805932B81E8090094919A /* HomeViewController.swift in Sources */,
				07A16DA72B80B88C00D6DD2F /* AppDelegate.swift in Sources */,
				07A16DA92B80B88C00D6DD2F /* SceneDelegate.swift in Sources */,
				071805972B8255670094919A /* QuizeViewExtension.swift in Sources */,
				0718058A2B80D9F00094919A /* QueryViewCell.swift in Sources */,
			);
			runOnlyForDeploymentPostprocessing = 0;
		};
/* End PBXSourcesBuildPhase section */

/* Begin PBXVariantGroup section */
		07A16DAC2B80B88C00D6DD2F /* Main.storyboard */ = {
			isa = PBXVariantGroup;
			children = (
				07A16DAD2B80B88C00D6DD2F /* Base */,
			);
			name = Main.storyboard;
			sourceTree = "<group>";
		};
		07A16DB12B80B89000D6DD2F /* LaunchScreen.storyboard */ = {
			isa = PBXVariantGroup;
			children = (
				07A16DB22B80B89000D6DD2F /* Base */,
			);
			name = LaunchScreen.storyboard;
			sourceTree = "<group>";
		};
/* End PBXVariantGroup section */

/* Begin XCBuildConfiguration section */
		07A16DB52B80B89000D6DD2F /* Debug */ = {
			isa = XCBuildConfiguration;
			buildSettings = {
				ALWAYS_SEARCH_USER_PATHS = NO;
				ASSETCATALOG_COMPILER_GENERATE_SWIFT_ASSET_SYMBOL_EXTENSIONS = YES;
				CLANG_ANALYZER_NONNULL = YES;
				CLANG_ANALYZER_NUMBER_OBJECT_CONVERSION = YES_AGGRESSIVE;
				CLANG_CXX_LANGUAGE_STANDARD = "gnu++20";
				CLANG_ENABLE_MODULES = YES;
				CLANG_ENABLE_OBJC_ARC = YES;
				CLANG_ENABLE_OBJC_WEAK = YES;
				CLANG_WARN_BLOCK_CAPTURE_AUTORELEASING = YES;
				CLANG_WARN_BOOL_CONVERSION = YES;
				CLANG_WARN_COMMA = YES;
				CLANG_WARN_CONSTANT_CONVERSION = YES;
				CLANG_WARN_DEPRECATED_OBJC_IMPLEMENTATIONS = YES;
				CLANG_WARN_DIRECT_OBJC_ISA_USAGE = YES_ERROR;
				CLANG_WARN_DOCUMENTATION_COMMENTS = YES;
				CLANG_WARN_EMPTY_BODY = YES;
				CLANG_WARN_ENUM_CONVERSION = YES;
				CLANG_WARN_INFINITE_RECURSION = YES;
				CLANG_WARN_INT_CONVERSION = YES;
				CLANG_WARN_NON_LITERAL_NULL_CONVERSION = YES;
				CLANG_WARN_OBJC_IMPLICIT_RETAIN_SELF = YES;
				CLANG_WARN_OBJC_LITERAL_CONVERSION = YES;
				CLANG_WARN_OBJC_ROOT_CLASS = YES_ERROR;
				CLANG_WARN_QUOTED_INCLUDE_IN_FRAMEWORK_HEADER = YES;
				CLANG_WARN_RANGE_LOOP_ANALYSIS = YES;
				CLANG_WARN_STRICT_PROTOTYPES = YES;
				CLANG_WARN_SUSPICIOUS_MOVE = YES;
				CLANG_WARN_UNGUARDED_AVAILABILITY = YES_AGGRESSIVE;
				CLANG_WARN_UNREACHABLE_CODE = YES;
				CLANG_WARN__DUPLICATE_METHOD_MATCH = YES;
				COPY_PHASE_STRIP = NO;
				DEBUG_INFORMATION_FORMAT = dwarf;
				ENABLE_STRICT_OBJC_MSGSEND = YES;
				ENABLE_TESTABILITY = YES;
				ENABLE_USER_SCRIPT_SANDBOXING = YES;
				GCC_C_LANGUAGE_STANDARD = gnu17;
				GCC_DYNAMIC_NO_PIC = NO;
				GCC_NO_COMMON_BLOCKS = YES;
				GCC_OPTIMIZATION_LEVEL = 0;
				GCC_PREPROCESSOR_DEFINITIONS = (
					"DEBUG=1",
					"$(inherited)",
				);
				GCC_WARN_64_TO_32_BIT_CONVERSION = YES;
				GCC_WARN_ABOUT_RETURN_TYPE = YES_ERROR;
				GCC_WARN_UNDECLARED_SELECTOR = YES;
				GCC_WARN_UNINITIALIZED_AUTOS = YES_AGGRESSIVE;
				GCC_WARN_UNUSED_FUNCTION = YES;
				GCC_WARN_UNUSED_VARIABLE = YES;
				IPHONEOS_DEPLOYMENT_TARGET = 17.0;
				LOCALIZATION_PREFERS_STRING_CATALOGS = YES;
				MTL_ENABLE_DEBUG_INFO = INCLUDE_SOURCE;
				MTL_FAST_MATH = YES;
				ONLY_ACTIVE_ARCH = YES;
				SDKROOT = iphoneos;
				SWIFT_ACTIVE_COMPILATION_CONDITIONS = "DEBUG $(inherited)";
				SWIFT_OPTIMIZATION_LEVEL = "-Onone";
			};
			name = Debug;
		};
		07A16DB62B80B89000D6DD2F /* Release */ = {
			isa = XCBuildConfiguration;
			buildSettings = {
				ALWAYS_SEARCH_USER_PATHS = NO;
				ASSETCATALOG_COMPILER_GENERATE_SWIFT_ASSET_SYMBOL_EXTENSIONS = YES;
				CLANG_ANALYZER_NONNULL = YES;
				CLANG_ANALYZER_NUMBER_OBJECT_CONVERSION = YES_AGGRESSIVE;
				CLANG_CXX_LANGUAGE_STANDARD = "gnu++20";
				CLANG_ENABLE_MODULES = YES;
				CLANG_ENABLE_OBJC_ARC = YES;
				CLANG_ENABLE_OBJC_WEAK = YES;
				CLANG_WARN_BLOCK_CAPTURE_AUTORELEASING = YES;
				CLANG_WARN_BOOL_CONVERSION = YES;
				CLANG_WARN_COMMA = YES;
				CLANG_WARN_CONSTANT_CONVERSION = YES;
				CLANG_WARN_DEPRECATED_OBJC_IMPLEMENTATIONS = YES;
				CLANG_WARN_DIRECT_OBJC_ISA_USAGE = YES_ERROR;
				CLANG_WARN_DOCUMENTATION_COMMENTS = YES;
				CLANG_WARN_EMPTY_BODY = YES;
				CLANG_WARN_ENUM_CONVERSION = YES;
				CLANG_WARN_INFINITE_RECURSION = YES;
				CLANG_WARN_INT_CONVERSION = YES;
				CLANG_WARN_NON_LITERAL_NULL_CONVERSION = YES;
				CLANG_WARN_OBJC_IMPLICIT_RETAIN_SELF = YES;
				CLANG_WARN_OBJC_LITERAL_CONVERSION = YES;
				CLANG_WARN_OBJC_ROOT_CLASS = YES_ERROR;
				CLANG_WARN_QUOTED_INCLUDE_IN_FRAMEWORK_HEADER = YES;
				CLANG_WARN_RANGE_LOOP_ANALYSIS = YES;
				CLANG_WARN_STRICT_PROTOTYPES = YES;
				CLANG_WARN_SUSPICIOUS_MOVE = YES;
				CLANG_WARN_UNGUARDED_AVAILABILITY = YES_AGGRESSIVE;
				CLANG_WARN_UNREACHABLE_CODE = YES;
				CLANG_WARN__DUPLICATE_METHOD_MATCH = YES;
				COPY_PHASE_STRIP = NO;
				DEBUG_INFORMATION_FORMAT = "dwarf-with-dsym";
				ENABLE_NS_ASSERTIONS = NO;
				ENABLE_STRICT_OBJC_MSGSEND = YES;
				ENABLE_USER_SCRIPT_SANDBOXING = YES;
				GCC_C_LANGUAGE_STANDARD = gnu17;
				GCC_NO_COMMON_BLOCKS = YES;
				GCC_WARN_64_TO_32_BIT_CONVERSION = YES;
				GCC_WARN_ABOUT_RETURN_TYPE = YES_ERROR;
				GCC_WARN_UNDECLARED_SELECTOR = YES;
				GCC_WARN_UNINITIALIZED_AUTOS = YES_AGGRESSIVE;
				GCC_WARN_UNUSED_FUNCTION = YES;
				GCC_WARN_UNUSED_VARIABLE = YES;
				IPHONEOS_DEPLOYMENT_TARGET = 17.0;
				LOCALIZATION_PREFERS_STRING_CATALOGS = YES;
				MTL_ENABLE_DEBUG_INFO = NO;
				MTL_FAST_MATH = YES;
				SDKROOT = iphoneos;
				SWIFT_COMPILATION_MODE = wholemodule;
				VALIDATE_PRODUCT = YES;
			};
			name = Release;
		};
		07A16DB82B80B89000D6DD2F /* Debug */ = {
			isa = XCBuildConfiguration;
			buildSettings = {
				ASSETCATALOG_COMPILER_APPICON_NAME = AppIcon;
				ASSETCATALOG_COMPILER_GLOBAL_ACCENT_COLOR_NAME = AccentColor;
				CODE_SIGN_STYLE = Automatic;
				CURRENT_PROJECT_VERSION = 1;
				GENERATE_INFOPLIST_FILE = YES;
				INFOPLIST_FILE = QuizeTest/Info.plist;
				INFOPLIST_KEY_UIApplicationSupportsIndirectInputEvents = YES;
				INFOPLIST_KEY_UILaunchStoryboardName = LaunchScreen;
				INFOPLIST_KEY_UIMainStoryboardFile = Main;
				INFOPLIST_KEY_UISupportedInterfaceOrientations = UIInterfaceOrientationPortrait;
				INFOPLIST_KEY_UISupportedInterfaceOrientations_iPad = "UIInterfaceOrientationLandscapeLeft UIInterfaceOrientationLandscapeRight UIInterfaceOrientationPortrait UIInterfaceOrientationPortraitUpsideDown";
				IPHONEOS_DEPLOYMENT_TARGET = 15.0;
				LD_RUNPATH_SEARCH_PATHS = (
					"$(inherited)",
					"@executable_path/Frameworks",
				);
				MARKETING_VERSION = 1.0;
				PRODUCT_BUNDLE_IDENTIFIER = com.rkapps.QuizeTest;
				PRODUCT_NAME = "$(TARGET_NAME)";
				SUPPORTED_PLATFORMS = "iphoneos iphonesimulator";
				SUPPORTS_MACCATALYST = NO;
				SUPPORTS_MAC_DESIGNED_FOR_IPHONE_IPAD = NO;
				SWIFT_EMIT_LOC_STRINGS = YES;
				SWIFT_VERSION = 5.0;
				TARGETED_DEVICE_FAMILY = 1;
			};
			name = Debug;
		};
		07A16DB92B80B89000D6DD2F /* Release */ = {
			isa = XCBuildConfiguration;
			buildSettings = {
				ASSETCATALOG_COMPILER_APPICON_NAME = AppIcon;
				ASSETCATALOG_COMPILER_GLOBAL_ACCENT_COLOR_NAME = AccentColor;
				CODE_SIGN_STYLE = Automatic;
				CURRENT_PROJECT_VERSION = 1;
				GENERATE_INFOPLIST_FILE = YES;
				INFOPLIST_FILE = QuizeTest/Info.plist;
				INFOPLIST_KEY_UIApplicationSupportsIndirectInputEvents = YES;
				INFOPLIST_KEY_UILaunchStoryboardName = LaunchScreen;
				INFOPLIST_KEY_UIMainStoryboardFile = Main;
				INFOPLIST_KEY_UISupportedInterfaceOrientations = UIInterfaceOrientationPortrait;
				INFOPLIST_KEY_UISupportedInterfaceOrientations_iPad = "UIInterfaceOrientationLandscapeLeft UIInterfaceOrientationLandscapeRight UIInterfaceOrientationPortrait UIInterfaceOrientationPortraitUpsideDown";
				IPHONEOS_DEPLOYMENT_TARGET = 15.0;
				LD_RUNPATH_SEARCH_PATHS = (
					"$(inherited)",
					"@executable_path/Frameworks",
				);
				MARKETING_VERSION = 1.0;
				PRODUCT_BUNDLE_IDENTIFIER = com.rkapps.QuizeTest;
				PRODUCT_NAME = "$(TARGET_NAME)";
				SUPPORTED_PLATFORMS = "iphoneos iphonesimulator";
				SUPPORTS_MACCATALYST = NO;
				SUPPORTS_MAC_DESIGNED_FOR_IPHONE_IPAD = NO;
				SWIFT_EMIT_LOC_STRINGS = YES;
				SWIFT_VERSION = 5.0;
				TARGETED_DEVICE_FAMILY = 1;
			};
			name = Release;
		};
/* End XCBuildConfiguration section */

/* Begin XCConfigurationList section */
		07A16D9E2B80B88C00D6DD2F /* Build configuration list for PBXProject "QuizeTest" */ = {
			isa = XCConfigurationList;
			buildConfigurations = (
				07A16DB52B80B89000D6DD2F /* Debug */,
				07A16DB62B80B89000D6DD2F /* Release */,
			);
			defaultConfigurationIsVisible = 0;
			defaultConfigurationName = Release;
		};
		07A16DB72B80B89000D6DD2F /* Build configuration list for PBXNativeTarget "QuizeTest" */ = {
			isa = XCConfigurationList;
			buildConfigurations = (
				07A16DB82B80B89000D6DD2F /* Debug */,
				07A16DB92B80B89000D6DD2F /* Release */,
			);
			defaultConfigurationIsVisible = 0;
			defaultConfigurationName = Release;
		};
/* End XCConfigurationList section */
	};
	rootObject = 07A16D9B2B80B88C00D6DD2F /* Project object */;
}
